
Microsoft Visual Studio Solution File, Format Version 12.00
# Visual Studio 15
VisualStudioVersion = 15.0.28307.572
MinimumVisualStudioVersion = 10.0.40219.1
Project("{FAE04EC0-301F-11D3-BF4B-00C04F79EFBC}") = "Emlak.DAL", "Emlak.DAL\Emlak.DAL.csproj", "{57D931E1-6EBB-47A7-97ED-D5B1C52622F6}"
EndProject
Project("{FAE04EC0-301F-11D3-BF4B-00C04F79EFBC}") = "Emlak.BLL", "Emlak.BLL\Emlak.BLL.csproj", "{7FC19436-E551-4571-8DD6-7E554DF57AB6}"
EndProject
Project("{FAE04EC0-301F-11D3-BF4B-00C04F79EFBC}") = "Emlak.Model", "Emlak.Model\Emlak.Model.csproj", "{E37AE1CD-69C2-4A1B-8C5C-369ACBF2F677}"
EndProject
Project("{FAE04EC0-301F-11D3-BF4B-00C04F79EFBC}") = "Emlak.Web", "Emlak.Web\Emlak.Web.csproj", "{02C1F428-47A1-4811-B27E-F9DB69A50A09}"
EndProject
Global
	GlobalSection(SolutionConfigurationPlatforms) = preSolution
		Debug|Any CPU = Debug|Any CPU
		Release|Any CPU = Release|Any CPU
	EndGlobalSection
	GlobalSection(ProjectConfigurationPlatforms) = postSolution
		{57D931E1-6EBB-47A7-97ED-D5B1C52622F6}.Debug|Any CPU.ActiveCfg = Debug|Any CPU
		{57D931E1-6EBB-47A7-97ED-D5B1C52622F6}.Debug|Any CPU.Build.0 = Debug|Any CPU
		{57D931E1-6EBB-47A7-97ED-D5B1C52622F6}.Release|Any CPU.ActiveCfg = Release|Any CPU
		{57D931E1-6EBB-47A7-97ED-D5B1C52622F6}.Release|Any CPU.Build.0 = Release|Any CPU
		{7FC19436-E551-4571-8DD6-7E554DF57AB6}.Debug|Any CPU.ActiveCfg = Debug|Any CPU
		{7FC19436-E551-4571-8DD6-7E554DF57AB6}.Debug|Any CPU.Build.0 = Debug|Any CPU
		{7FC19436-E551-4571-8DD6-7E554DF57AB6}.Release|Any CPU.ActiveCfg = Release|Any CPU
		{7FC19436-E551-4571-8DD6-7E554DF57AB6}.Release|Any CPU.Build.0 = Release|Any CPU
		{E37AE1CD-69C2-4A1B-8C5C-369ACBF2F677}.Debug|Any CPU.ActiveCfg = Debug|Any CPU
		{E37AE1CD-69C2-4A1B-8C5C-369ACBF2F677}.Debug|Any CPU.Build.0 = Debug|Any CPU
		{E37AE1CD-69C2-4A1B-8C5C-369ACBF2F677}.Release|Any CPU.ActiveCfg = Release|Any CPU
		{E37AE1CD-69C2-4A1B-8C5C-369ACBF2F677}.Release|Any CPU.Build.0 = Release|Any CPU
		{02C1F428-47A1-4811-B27E-F9DB69A50A09}.Debug|Any CPU.ActiveCfg = Debug|Any CPU
		{02C1F428-47A1-4811-B27E-F9DB69A50A09}.Debug|Any CPU.Build.0 = Debug|Any CPU
		{02C1F428-47A1-4811-B27E-F9DB69A50A09}.Release|Any CPU.ActiveCfg = Release|Any CPU
		{02C1F428-47A1-4811-B27E-F9DB69A50A09}.Release|Any CPU.Build.0 = Release|Any CPU
	EndGlobalSection
	GlobalSection(SolutionProperties) = preSolution
		HideSolutionNode = FALSE
	EndGlobalSection
	GlobalSection(ExtensibilityGlobals) = postSolution
		SolutionGuid = {9E3AECEB-A71A-4C69-99B2-EC55A753E984}
	EndGlobalSection
EndGlobal
